
Microsoft Visual Studio Solution File, Format Version 12.00
# Visual Studio 15
VisualStudioVersion = 15.0.27428.1
MinimumVisualStudioVersion = 10.0.40219.1
Project("{FAE04EC0-301F-11D3-BF4B-00C04F79EFBC}") = "Metrics.Core", "Metrics.Core\Metrics.Core.csproj", "{9D8669E8-9269-4721-82C3-32A3A6BF3D20}"
EndProject
Global
	GlobalSection(SolutionConfigurationPlatforms) = preSolution
		Debug|Any CPU = Debug|Any CPU
		Release|Any CPU = Release|Any CPU
	EndGlobalSection
	GlobalSection(ProjectConfigurationPlatforms) = postSolution
		{9D8669E8-9269-4721-82C3-32A3A6BF3D20}.Debug|Any CPU.ActiveCfg = Debug|Any CPU
		{9D8669E8-9269-4721-82C3-32A3A6BF3D20}.Debug|Any CPU.Build.0 = Debug|Any CPU
		{9D8669E8-9269-4721-82C3-32A3A6BF3D20}.Release|Any CPU.ActiveCfg = Release|Any CPU
		{9D8669E8-9269-4721-82C3-32A3A6BF3D20}.Release|Any CPU.Build.0 = Release|Any CPU
	EndGlobalSection
	GlobalSection(SolutionProperties) = preSolution
		HideSolutionNode = FALSE
	EndGlobalSection
	GlobalSection(ExtensibilityGlobals) = postSolution
		SolutionGuid = {D6D42D4A-1002-443B-B8A5-2187C052A78E}
	EndGlobalSection
EndGlobal
