
Microsoft Visual Studio Solution File, Format Version 12.00
# Visual Studio 15
VisualStudioVersion = 15.0.27428.1
MinimumVisualStudioVersion = 10.0.40219.1
Project("{FAE04EC0-301F-11D3-BF4B-00C04F79EFBC}") = "Metrics.Library", "Metrics.Library\Metrics.Library.csproj", "{70902FCB-CA10-4652-9329-98019B4222BF}"
EndProject
Global
	GlobalSection(SolutionConfigurationPlatforms) = preSolution
		Debug|Any CPU = Debug|Any CPU
		Release|Any CPU = Release|Any CPU
	EndGlobalSection
	GlobalSection(ProjectConfigurationPlatforms) = postSolution
		{70902FCB-CA10-4652-9329-98019B4222BF}.Debug|Any CPU.ActiveCfg = Debug|Any CPU
		{70902FCB-CA10-4652-9329-98019B4222BF}.Debug|Any CPU.Build.0 = Debug|Any CPU
		{70902FCB-CA10-4652-9329-98019B4222BF}.Release|Any CPU.ActiveCfg = Release|Any CPU
		{70902FCB-CA10-4652-9329-98019B4222BF}.Release|Any CPU.Build.0 = Release|Any CPU
	EndGlobalSection
	GlobalSection(SolutionProperties) = preSolution
		HideSolutionNode = FALSE
	EndGlobalSection
	GlobalSection(ExtensibilityGlobals) = postSolution
		SolutionGuid = {D6D42D4A-1002-443B-B8A5-2187C052A78E}
	EndGlobalSection
EndGlobal
